#!r6rs ; -*- mode: scheme; coding: utf-8 -*-
;; This file is automatically generated - do not change it by hand.
(import (akku format lockfile))
(projects
  ((name "chez-srfi")
    (location (git "https://github.com/weinholt/chez-srfi.git"))
    (revision "fc892dada9f2dc707e984901829a889a526edf80"))
  ((name "hashing")
    (location (git "https://github.com/weinholt/hashing.git"))
    (tag "v1.0.0")
    (revision "de6aa096166bb026eb927b56f763707180ec0330"))
  ((name "ip-address")
    (location
      (git "https://github.com/weinholt/ip-address.git"))
    (tag "v1.0.0")
    (revision "7574dcab570a444a0b925a22d8fc11b485482ae1"))
  ((name "struct-pack")
    (location
      (git "https://github.com/weinholt/struct-pack.git"))
    (tag "v1.0.0")
    (revision "eec155b069d03c12be62444754514a8fff34d4ea"))
  ((name "industria")
    (location (git "https://github.com/weinholt/industria.git"))
    (tag "v2.0.0")
    (revision "abd008257da3f26f690072c3fdb8fe23ff933d46")))
