#!r6rs ; -*- mode: scheme; coding: utf-8 -*-
;; This file is automatically generated - do not change it by hand.
(import (akku format lockfile))
(projects
  ((name "akku-r7rs")
    (location (git "https://gitlab.com/akkuscm/akku-r7rs.git"))
    (tag "v1.0.0-beta.4")
    (revision "ca21d9724e46b6b0ff03089f2a7bfc6f981fe959"))
  ((name "ip-address")
    (location
      (git "https://github.com/weinholt/ip-address.git"))
    (tag "v1.0.0")
    (revision "7574dcab570a444a0b925a22d8fc11b485482ae1"))
  ((name "laesare")
    (location (git "https://github.com/weinholt/laesare.git"))
    (tag "v1.0.0")
    (revision "27791ac19f715d2894586623ab87e9a7bd39b46c"))
  ((name "industria")
    (location (git "https://github.com/weinholt/industria.git"))
    (tag "v2.1.0")
    (revision "360090f68bd9b2096f2e8da8d62b1786af453a3c"))
  ((name "chez-srfi")
    (location (git "https://github.com/arcfide/chez-srfi"))
    (revision "2c3ed8818884b7c96de32360939bd43a0159b4a9"))
  ((name "struct-pack")
    (location
      (git "https://github.com/weinholt/struct-pack.git"))
    (tag "v1.1.1")
    (revision "11b71963793ed4a3bf761efdd83cf2fe123239ee"))
  ((name "hashing")
    (location (git "https://github.com/weinholt/hashing.git"))
    (tag "v1.2.0")
    (revision "f138deaec38d54ddb621c082764ece276deebe7f"))
  ((name "TerribleTLS")
    (location
      (git "https://gitlab.com/weinholt/TerribleTLS.git"))
    (tag "v0.1.0-alpha.1")
    (revision "b84c5d16912b5b8778cc57b31af421a6c5b70293"))
  ((name (chibi match))
    (location
      (url "http://snow-fort.org/s/gmail.com/alexshinn/chibi/match/0.7.3/chibi-match-0.7.3.tgz"))
    (content
      (sha256
        "a165dcf7676ff178964b8cd58bcf6ee68d879605a025a8193b6b4af769f9bdc8"))))
