#!r6rs ;; -*-scheme-*-
(import (akku format lockfile))
(projects
 ((name "chez-srfi")
  (location (git "https://github.com/akeep/chez-srfi.git"))
  (revision "42d6d4cf4f506ce41152f16e30e0d7e059faef95"))
 ((name "hashing")
  (location (git "https://github.com/weinholt/hashing.git"))
  (tag "v1.0.0")
  (revision "de6aa096166bb026eb927b56f763707180ec0330"))
 ((name "industria")
  (location (git "https://github.com/weinholt/industria.git"))
  (revision "073218678c7af59ad739edaad79f6cf3e22840b5"))
 ((name "struct-pack")
  (location (git "https://github.com/weinholt/struct-pack.git"))
  (tag "v1.0.0")
  (revision "eec155b069d03c12be62444754514a8fff34d4ea"))
 ((name "xitomatl")
  (location (git "https://github.com/weinholt/xitomatl.git"))
  (revision "b9babf030c13d9fc81fe1482aa49ff0b8fa0fee6")))
